// !$*UTF8*$!
{
	archiveVersion = 1;
	classes = {
	};
	objectVersion = 56;
	objects = {

/* Begin PBXBuildFile section */
		FD911C0B2B9A21C100750E00 /* Application.swift in Sources */ = {isa = PBXBuildFile; fileRef = FD911C0A2B9A21C100750E00 /* Application.swift */; };
		FD911C0D2B9A21C100750E00 /* ContentView.swift in Sources */ = {isa = PBXBuildFile; fileRef = FD911C0C2B9A21C100750E00 /* ContentView.swift */; };
		FD911C0F2B9A21C300750E00 /* Assets.xcassets in Resources */ = {isa = PBXBuildFile; fileRef = FD911C0E2B9A21C300750E00 /* Assets.xcassets */; };
		FD911C122B9A21C300750E00 /* Preview Assets.xcassets in Resources */ = {isa = PBXBuildFile; fileRef = FD911C112B9A21C300750E00 /* Preview Assets.xcassets */; };
		FD911C142B9A21C300750E00 /* Persistence.swift in Sources */ = {isa = PBXBuildFile; fileRef = FD911C132B9A21C300750E00 /* Persistence.swift */; };
		FD911C172B9A21C300750E00 /* Database.xcdatamodeld in Sources */ = {isa = PBXBuildFile; fileRef = FD911C152B9A21C300750E00 /* Database.xcdatamodeld */; };
		FD911C282B9A22D300750E00 /* data.json in Resources */ = {isa = PBXBuildFile; fileRef = FD911C272B9A22D300750E00 /* data.json */; };
		FD911C2B2B9A234100750E00 /* Account.swift in Sources */ = {isa = PBXBuildFile; fileRef = FD911C2A2B9A234100750E00 /* Account.swift */; };
		FD911C2D2B9A23E200750E00 /* UserRow.swift in Sources */ = {isa = PBXBuildFile; fileRef = FD911C2C2B9A23E200750E00 /* UserRow.swift */; };
		FD911C302B9A2D4B00750E00 /* Color + Ext.swift in Sources */ = {isa = PBXBuildFile; fileRef = FD911C2F2B9A2D4B00750E00 /* Color + Ext.swift */; };
		FD911C322B9A34CA00750E00 /* UserList.swift in Sources */ = {isa = PBXBuildFile; fileRef = FD911C312B9A34CA00750E00 /* UserList.swift */; };
		FD911C342B9A34FD00750E00 /* DataManager.swift in Sources */ = {isa = PBXBuildFile; fileRef = FD911C332B9A34FD00750E00 /* DataManager.swift */; };
		FD911C362B9A4A6700750E00 /* AccountViewModel.swift in Sources */ = {isa = PBXBuildFile; fileRef = FD911C352B9A4A6700750E00 /* AccountViewModel.swift */; };
		FD911C382B9A4E8600750E00 /* UserViewModel.swift in Sources */ = {isa = PBXBuildFile; fileRef = FD911C372B9A4E8600750E00 /* UserViewModel.swift */; };
/* End PBXBuildFile section */

/* Begin PBXFileReference section */
		FD911C072B9A21C100750E00 /* swift-ui-essential.app */ = {isa = PBXFileReference; explicitFileType = wrapper.application; includeInIndex = 0; path = "swift-ui-essential.app"; sourceTree = BUILT_PRODUCTS_DIR; };
		FD911C0A2B9A21C100750E00 /* Application.swift */ = {isa = PBXFileReference; lastKnownFileType = sourcecode.swift; path = Application.swift; sourceTree = "<group>"; };
		FD911C0C2B9A21C100750E00 /* ContentView.swift */ = {isa = PBXFileReference; lastKnownFileType = sourcecode.swift; path = ContentView.swift; sourceTree = "<group>"; };
		FD911C0E2B9A21C300750E00 /* Assets.xcassets */ = {isa = PBXFileReference; lastKnownFileType = folder.assetcatalog; path = Assets.xcassets; sourceTree = "<group>"; };
		FD911C112B9A21C300750E00 /* Preview Assets.xcassets */ = {isa = PBXFileReference; lastKnownFileType = folder.assetcatalog; path = "Preview Assets.xcassets"; sourceTree = "<group>"; };
		FD911C132B9A21C300750E00 /* Persistence.swift */ = {isa = PBXFileReference; lastKnownFileType = sourcecode.swift; path = Persistence.swift; sourceTree = "<group>"; };
		FD911C162B9A21C300750E00 /* swift_ui_essential.xcdatamodel */ = {isa = PBXFileReference; lastKnownFileType = wrapper.xcdatamodel; path = swift_ui_essential.xcdatamodel; sourceTree = "<group>"; };
		FD911C272B9A22D300750E00 /* data.json */ = {isa = PBXFileReference; lastKnownFileType = text.json; path = data.json; sourceTree = "<group>"; };
		FD911C2A2B9A234100750E00 /* Account.swift */ = {isa = PBXFileReference; lastKnownFileType = sourcecode.swift; path = Account.swift; sourceTree = "<group>"; };
		FD911C2C2B9A23E200750E00 /* UserRow.swift */ = {isa = PBXFileReference; lastKnownFileType = sourcecode.swift; path = UserRow.swift; sourceTree = "<group>"; };
		FD911C2F2B9A2D4B00750E00 /* Color + Ext.swift */ = {isa = PBXFileReference; lastKnownFileType = sourcecode.swift; path = "Color + Ext.swift"; sourceTree = "<group>"; };
		FD911C312B9A34CA00750E00 /* UserList.swift */ = {isa = PBXFileReference; lastKnownFileType = sourcecode.swift; path = UserList.swift; sourceTree = "<group>"; };
		FD911C332B9A34FD00750E00 /* DataManager.swift */ = {isa = PBXFileReference; lastKnownFileType = sourcecode.swift; path = DataManager.swift; sourceTree = "<group>"; };
		FD911C352B9A4A6700750E00 /* AccountViewModel.swift */ = {isa = PBXFileReference; lastKnownFileType = sourcecode.swift; path = AccountViewModel.swift; sourceTree = "<group>"; };
		FD911C372B9A4E8600750E00 /* UserViewModel.swift */ = {isa = PBXFileReference; lastKnownFileType = sourcecode.swift; path = UserViewModel.swift; sourceTree = "<group>"; };
/* End PBXFileReference section */

/* Begin PBXFrameworksBuildPhase section */
		FD911C042B9A21C100750E00 /* Frameworks */ = {
			isa = PBXFrameworksBuildPhase;
			buildActionMask = 2147483647;
			files = (
			);
			runOnlyForDeploymentPostprocessing = 0;
		};
/* End PBXFrameworksBuildPhase section */

/* Begin PBXGroup section */
		FD911BFE2B9A21C100750E00 = {
			isa = PBXGroup;
			children = (
				FD911C092B9A21C100750E00 /* swift-ui-essential */,
				FD911C082B9A21C100750E00 /* Products */,
			);
			sourceTree = "<group>";
		};
		FD911C082B9A21C100750E00 /* Products */ = {
			isa = PBXGroup;
			children = (
				FD911C072B9A21C100750E00 /* swift-ui-essential.app */,
			);
			name = Products;
			sourceTree = "<group>";
		};
		FD911C092B9A21C100750E00 /* swift-ui-essential */ = {
			isa = PBXGroup;
			children = (
				FD911C2E2B9A2D3D00750E00 /* Extension */,
				FD911C262B9A22BD00750E00 /* Resources */,
				FD911C252B9A22B100750E00 /* Model */,
				FD911C242B9A22A500750E00 /* Manager */,
				FD911C232B9A229C00750E00 /* ViewModel */,
				FD911C222B9A229700750E00 /* Service */,
				FD911C212B9A229300750E00 /* Repository */,
				FD911C202B9A21F900750E00 /* Persistence */,
				FD911C1E2B9A21E600750E00 /* View */,
				FD911C1D2B9A21DE00750E00 /* Base */,
				FD911C102B9A21C300750E00 /* Preview Content */,
				FD911C0E2B9A21C300750E00 /* Assets.xcassets */,
			);
			path = "swift-ui-essential";
			sourceTree = "<group>";
		};
		FD911C102B9A21C300750E00 /* Preview Content */ = {
			isa = PBXGroup;
			children = (
				FD911C112B9A21C300750E00 /* Preview Assets.xcassets */,
			);
			path = "Preview Content";
			sourceTree = "<group>";
		};
		FD911C1D2B9A21DE00750E00 /* Base */ = {
			isa = PBXGroup;
			children = (
				FD911C0A2B9A21C100750E00 /* Application.swift */,
			);
			path = Base;
			sourceTree = "<group>";
		};
		FD911C1E2B9A21E600750E00 /* View */ = {
			isa = PBXGroup;
			children = (
				FD911C1F2B9A21EA00750E00 /* Components */,
				FD911C0C2B9A21C100750E00 /* ContentView.swift */,
			);
			path = View;
			sourceTree = "<group>";
		};
		FD911C1F2B9A21EA00750E00 /* Components */ = {
			isa = PBXGroup;
			children = (
				FD911C2C2B9A23E200750E00 /* UserRow.swift */,
				FD911C312B9A34CA00750E00 /* UserList.swift */,
			);
			path = Components;
			sourceTree = "<group>";
		};
		FD911C202B9A21F900750E00 /* Persistence */ = {
			isa = PBXGroup;
			children = (
				FD911C132B9A21C300750E00 /* Persistence.swift */,
				FD911C152B9A21C300750E00 /* Database.xcdatamodeld */,
			);
			path = Persistence;
			sourceTree = "<group>";
		};
		FD911C212B9A229300750E00 /* Repository */ = {
			isa = PBXGroup;
			children = (
			);
			path = Repository;
			sourceTree = "<group>";
		};
		FD911C222B9A229700750E00 /* Service */ = {
			isa = PBXGroup;
			children = (
			);
			path = Service;
			sourceTree = "<group>";
		};
		FD911C232B9A229C00750E00 /* ViewModel */ = {
			isa = PBXGroup;
			children = (
				FD911C352B9A4A6700750E00 /* AccountViewModel.swift */,
				FD911C372B9A4E8600750E00 /* UserViewModel.swift */,
			);
			path = ViewModel;
			sourceTree = "<group>";
		};
		FD911C242B9A22A500750E00 /* Manager */ = {
			isa = PBXGroup;
			children = (
				FD911C332B9A34FD00750E00 /* DataManager.swift */,
			);
			path = Manager;
			sourceTree = "<group>";
		};
		FD911C252B9A22B100750E00 /* Model */ = {
			isa = PBXGroup;
			children = (
				FD911C2A2B9A234100750E00 /* Account.swift */,
			);
			path = Model;
			sourceTree = "<group>";
		};
		FD911C262B9A22BD00750E00 /* Resources */ = {
			isa = PBXGroup;
			children = (
				FD911C272B9A22D300750E00 /* data.json */,
			);
			path = Resources;
			sourceTree = "<group>";
		};
		FD911C2E2B9A2D3D00750E00 /* Extension */ = {
			isa = PBXGroup;
			children = (
				FD911C2F2B9A2D4B00750E00 /* Color + Ext.swift */,
			);
			path = Extension;
			sourceTree = "<group>";
		};
/* End PBXGroup section */

/* Begin PBXNativeTarget section */
		FD911C062B9A21C100750E00 /* swift-ui-essential */ = {
			isa = PBXNativeTarget;
			buildConfigurationList = FD911C1A2B9A21C300750E00 /* Build configuration list for PBXNativeTarget "swift-ui-essential" */;
			buildPhases = (
				FD911C032B9A21C100750E00 /* Sources */,
				FD911C042B9A21C100750E00 /* Frameworks */,
				FD911C052B9A21C100750E00 /* Resources */,
			);
			buildRules = (
			);
			dependencies = (
			);
			name = "swift-ui-essential";
			productName = "swift-ui-essential";
			productReference = FD911C072B9A21C100750E00 /* swift-ui-essential.app */;
			productType = "com.apple.product-type.application";
		};
/* End PBXNativeTarget section */

/* Begin PBXProject section */
		FD911BFF2B9A21C100750E00 /* Project object */ = {
			isa = PBXProject;
			attributes = {
				BuildIndependentTargetsInParallel = 1;
				LastSwiftUpdateCheck = 1520;
				LastUpgradeCheck = 1520;
				TargetAttributes = {
					FD911C062B9A21C100750E00 = {
						CreatedOnToolsVersion = 15.2;
					};
				};
			};
			buildConfigurationList = FD911C022B9A21C100750E00 /* Build configuration list for PBXProject "swift-ui-essential" */;
			compatibilityVersion = "Xcode 14.0";
			developmentRegion = en;
			hasScannedForEncodings = 0;
			knownRegions = (
				en,
				Base,
			);
			mainGroup = FD911BFE2B9A21C100750E00;
			productRefGroup = FD911C082B9A21C100750E00 /* Products */;
			projectDirPath = "";
			projectRoot = "";
			targets = (
				FD911C062B9A21C100750E00 /* swift-ui-essential */,
			);
		};
/* End PBXProject section */

/* Begin PBXResourcesBuildPhase section */
		FD911C052B9A21C100750E00 /* Resources */ = {
			isa = PBXResourcesBuildPhase;
			buildActionMask = 2147483647;
			files = (
				FD911C282B9A22D300750E00 /* data.json in Resources */,
				FD911C122B9A21C300750E00 /* Preview Assets.xcassets in Resources */,
				FD911C0F2B9A21C300750E00 /* Assets.xcassets in Resources */,
			);
			runOnlyForDeploymentPostprocessing = 0;
		};
/* End PBXResourcesBuildPhase section */

/* Begin PBXSourcesBuildPhase section */
		FD911C032B9A21C100750E00 /* Sources */ = {
			isa = PBXSourcesBuildPhase;
			buildActionMask = 2147483647;
			files = (
				FD911C2B2B9A234100750E00 /* Account.swift in Sources */,
				FD911C382B9A4E8600750E00 /* UserViewModel.swift in Sources */,
				FD911C172B9A21C300750E00 /* Database.xcdatamodeld in Sources */,
				FD911C302B9A2D4B00750E00 /* Color + Ext.swift in Sources */,
				FD911C142B9A21C300750E00 /* Persistence.swift in Sources */,
				FD911C322B9A34CA00750E00 /* UserList.swift in Sources */,
				FD911C2D2B9A23E200750E00 /* UserRow.swift in Sources */,
				FD911C362B9A4A6700750E00 /* AccountViewModel.swift in Sources */,
				FD911C0D2B9A21C100750E00 /* ContentView.swift in Sources */,
				FD911C0B2B9A21C100750E00 /* Application.swift in Sources */,
				FD911C342B9A34FD00750E00 /* DataManager.swift in Sources */,
			);
			runOnlyForDeploymentPostprocessing = 0;
		};
/* End PBXSourcesBuildPhase section */

/* Begin XCBuildConfiguration section */
		FD911C182B9A21C300750E00 /* Debug */ = {
			isa = XCBuildConfiguration;
			buildSettings = {
				ALWAYS_SEARCH_USER_PATHS = NO;
				ASSETCATALOG_COMPILER_GENERATE_SWIFT_ASSET_SYMBOL_EXTENSIONS = YES;
				CLANG_ANALYZER_NONNULL = YES;
				CLANG_ANALYZER_NUMBER_OBJECT_CONVERSION = YES_AGGRESSIVE;
				CLANG_CXX_LANGUAGE_STANDARD = "gnu++20";
				CLANG_ENABLE_MODULES = YES;
				CLANG_ENABLE_OBJC_ARC = YES;
				CLANG_ENABLE_OBJC_WEAK = YES;
				CLANG_WARN_BLOCK_CAPTURE_AUTORELEASING = YES;
				CLANG_WARN_BOOL_CONVERSION = YES;
				CLANG_WARN_COMMA = YES;
				CLANG_WARN_CONSTANT_CONVERSION = YES;
				CLANG_WARN_DEPRECATED_OBJC_IMPLEMENTATIONS = YES;
				CLANG_WARN_DIRECT_OBJC_ISA_USAGE = YES_ERROR;
				CLANG_WARN_DOCUMENTATION_COMMENTS = YES;
				CLANG_WARN_EMPTY_BODY = YES;
				CLANG_WARN_ENUM_CONVERSION = YES;
				CLANG_WARN_INFINITE_RECURSION = YES;
				CLANG_WARN_INT_CONVERSION = YES;
				CLANG_WARN_NON_LITERAL_NULL_CONVERSION = YES;
				CLANG_WARN_OBJC_IMPLICIT_RETAIN_SELF = YES;
				CLANG_WARN_OBJC_LITERAL_CONVERSION = YES;
				CLANG_WARN_OBJC_ROOT_CLASS = YES_ERROR;
				CLANG_WARN_QUOTED_INCLUDE_IN_FRAMEWORK_HEADER = YES;
				CLANG_WARN_RANGE_LOOP_ANALYSIS = YES;
				CLANG_WARN_STRICT_PROTOTYPES = YES;
				CLANG_WARN_SUSPICIOUS_MOVE = YES;
				CLANG_WARN_UNGUARDED_AVAILABILITY = YES_AGGRESSIVE;
				CLANG_WARN_UNREACHABLE_CODE = YES;
				CLANG_WARN__DUPLICATE_METHOD_MATCH = YES;
				COPY_PHASE_STRIP = NO;
				DEBUG_INFORMATION_FORMAT = dwarf;
				ENABLE_STRICT_OBJC_MSGSEND = YES;
				ENABLE_TESTABILITY = YES;
				ENABLE_USER_SCRIPT_SANDBOXING = YES;
				GCC_C_LANGUAGE_STANDARD = gnu17;
				GCC_DYNAMIC_NO_PIC = NO;
				GCC_NO_COMMON_BLOCKS = YES;
				GCC_OPTIMIZATION_LEVEL = 0;
				GCC_PREPROCESSOR_DEFINITIONS = (
					"DEBUG=1",
					"$(inherited)",
				);
				GCC_WARN_64_TO_32_BIT_CONVERSION = YES;
				GCC_WARN_ABOUT_RETURN_TYPE = YES_ERROR;
				GCC_WARN_UNDECLARED_SELECTOR = YES;
				GCC_WARN_UNINITIALIZED_AUTOS = YES_AGGRESSIVE;
				GCC_WARN_UNUSED_FUNCTION = YES;
				GCC_WARN_UNUSED_VARIABLE = YES;
				IPHONEOS_DEPLOYMENT_TARGET = 17.2;
				LOCALIZATION_PREFERS_STRING_CATALOGS = YES;
				MTL_ENABLE_DEBUG_INFO = INCLUDE_SOURCE;
				MTL_FAST_MATH = YES;
				ONLY_ACTIVE_ARCH = YES;
				SDKROOT = iphoneos;
				SWIFT_ACTIVE_COMPILATION_CONDITIONS = "DEBUG $(inherited)";
				SWIFT_OPTIMIZATION_LEVEL = "-Onone";
			};
			name = Debug;
		};
		FD911C192B9A21C300750E00 /* Release */ = {
			isa = XCBuildConfiguration;
			buildSettings = {
				ALWAYS_SEARCH_USER_PATHS = NO;
				ASSETCATALOG_COMPILER_GENERATE_SWIFT_ASSET_SYMBOL_EXTENSIONS = YES;
				CLANG_ANALYZER_NONNULL = YES;
				CLANG_ANALYZER_NUMBER_OBJECT_CONVERSION = YES_AGGRESSIVE;
				CLANG_CXX_LANGUAGE_STANDARD = "gnu++20";
				CLANG_ENABLE_MODULES = YES;
				CLANG_ENABLE_OBJC_ARC = YES;
				CLANG_ENABLE_OBJC_WEAK = YES;
				CLANG_WARN_BLOCK_CAPTURE_AUTORELEASING = YES;
				CLANG_WARN_BOOL_CONVERSION = YES;
				CLANG_WARN_COMMA = YES;
				CLANG_WARN_CONSTANT_CONVERSION = YES;
				CLANG_WARN_DEPRECATED_OBJC_IMPLEMENTATIONS = YES;
				CLANG_WARN_DIRECT_OBJC_ISA_USAGE = YES_ERROR;
				CLANG_WARN_DOCUMENTATION_COMMENTS = YES;
				CLANG_WARN_EMPTY_BODY = YES;
				CLANG_WARN_ENUM_CONVERSION = YES;
				CLANG_WARN_INFINITE_RECURSION = YES;
				CLANG_WARN_INT_CONVERSION = YES;
				CLANG_WARN_NON_LITERAL_NULL_CONVERSION = YES;
				CLANG_WARN_OBJC_IMPLICIT_RETAIN_SELF = YES;
				CLANG_WARN_OBJC_LITERAL_CONVERSION = YES;
				CLANG_WARN_OBJC_ROOT_CLASS = YES_ERROR;
				CLANG_WARN_QUOTED_INCLUDE_IN_FRAMEWORK_HEADER = YES;
				CLANG_WARN_RANGE_LOOP_ANALYSIS = YES;
				CLANG_WARN_STRICT_PROTOTYPES = YES;
				CLANG_WARN_SUSPICIOUS_MOVE = YES;
				CLANG_WARN_UNGUARDED_AVAILABILITY = YES_AGGRESSIVE;
				CLANG_WARN_UNREACHABLE_CODE = YES;
				CLANG_WARN__DUPLICATE_METHOD_MATCH = YES;
				COPY_PHASE_STRIP = NO;
				DEBUG_INFORMATION_FORMAT = "dwarf-with-dsym";
				ENABLE_NS_ASSERTIONS = NO;
				ENABLE_STRICT_OBJC_MSGSEND = YES;
				ENABLE_USER_SCRIPT_SANDBOXING = YES;
				GCC_C_LANGUAGE_STANDARD = gnu17;
				GCC_NO_COMMON_BLOCKS = YES;
				GCC_WARN_64_TO_32_BIT_CONVERSION = YES;
				GCC_WARN_ABOUT_RETURN_TYPE = YES_ERROR;
				GCC_WARN_UNDECLARED_SELECTOR = YES;
				GCC_WARN_UNINITIALIZED_AUTOS = YES_AGGRESSIVE;
				GCC_WARN_UNUSED_FUNCTION = YES;
				GCC_WARN_UNUSED_VARIABLE = YES;
				IPHONEOS_DEPLOYMENT_TARGET = 17.2;
				LOCALIZATION_PREFERS_STRING_CATALOGS = YES;
				MTL_ENABLE_DEBUG_INFO = NO;
				MTL_FAST_MATH = YES;
				SDKROOT = iphoneos;
				SWIFT_COMPILATION_MODE = wholemodule;
				VALIDATE_PRODUCT = YES;
			};
			name = Release;
		};
		FD911C1B2B9A21C300750E00 /* Debug */ = {
			isa = XCBuildConfiguration;
			buildSettings = {
				ASSETCATALOG_COMPILER_APPICON_NAME = AppIcon;
				ASSETCATALOG_COMPILER_GLOBAL_ACCENT_COLOR_NAME = AccentColor;
				CODE_SIGN_STYLE = Automatic;
				CURRENT_PROJECT_VERSION = 1;
				DEVELOPMENT_ASSET_PATHS = "\"swift-ui-essential/Preview Content\"";
				DEVELOPMENT_TEAM = C9BCN32WAS;
				ENABLE_PREVIEWS = YES;
				GENERATE_INFOPLIST_FILE = YES;
				INFOPLIST_KEY_UIApplicationSceneManifest_Generation = YES;
				INFOPLIST_KEY_UIApplicationSupportsIndirectInputEvents = YES;
				INFOPLIST_KEY_UILaunchScreen_Generation = YES;
				INFOPLIST_KEY_UISupportedInterfaceOrientations_iPad = "UIInterfaceOrientationPortrait UIInterfaceOrientationPortraitUpsideDown UIInterfaceOrientationLandscapeLeft UIInterfaceOrientationLandscapeRight";
				INFOPLIST_KEY_UISupportedInterfaceOrientations_iPhone = "UIInterfaceOrientationPortrait UIInterfaceOrientationLandscapeLeft UIInterfaceOrientationLandscapeRight";
				LD_RUNPATH_SEARCH_PATHS = (
					"$(inherited)",
					"@executable_path/Frameworks",
				);
				MARKETING_VERSION = 1.0;
				PRODUCT_BUNDLE_IDENTIFIER = "com.swiftui.practise.osinnowo.swift-ui-essential";
				PRODUCT_NAME = "$(TARGET_NAME)";
				SWIFT_EMIT_LOC_STRINGS = YES;
				SWIFT_VERSION = 5.0;
				TARGETED_DEVICE_FAMILY = "1,2";
			};
			name = Debug;
		};
		FD911C1C2B9A21C300750E00 /* Release */ = {
			isa = XCBuildConfiguration;
			buildSettings = {
				ASSETCATALOG_COMPILER_APPICON_NAME = AppIcon;
				ASSETCATALOG_COMPILER_GLOBAL_ACCENT_COLOR_NAME = AccentColor;
				CODE_SIGN_STYLE = Automatic;
				CURRENT_PROJECT_VERSION = 1;
				DEVELOPMENT_ASSET_PATHS = "\"swift-ui-essential/Preview Content\"";
				DEVELOPMENT_TEAM = C9BCN32WAS;
				ENABLE_PREVIEWS = YES;
				GENERATE_INFOPLIST_FILE = YES;
				INFOPLIST_KEY_UIApplicationSceneManifest_Generation = YES;
				INFOPLIST_KEY_UIApplicationSupportsIndirectInputEvents = YES;
				INFOPLIST_KEY_UILaunchScreen_Generation = YES;
				INFOPLIST_KEY_UISupportedInterfaceOrientations_iPad = "UIInterfaceOrientationPortrait UIInterfaceOrientationPortraitUpsideDown UIInterfaceOrientationLandscapeLeft UIInterfaceOrientationLandscapeRight";
				INFOPLIST_KEY_UISupportedInterfaceOrientations_iPhone = "UIInterfaceOrientationPortrait UIInterfaceOrientationLandscapeLeft UIInterfaceOrientationLandscapeRight";
				LD_RUNPATH_SEARCH_PATHS = (
					"$(inherited)",
					"@executable_path/Frameworks",
				);
				MARKETING_VERSION = 1.0;
				PRODUCT_BUNDLE_IDENTIFIER = "com.swiftui.practise.osinnowo.swift-ui-essential";
				PRODUCT_NAME = "$(TARGET_NAME)";
				SWIFT_EMIT_LOC_STRINGS = YES;
				SWIFT_VERSION = 5.0;
				TARGETED_DEVICE_FAMILY = "1,2";
			};
			name = Release;
		};
/* End XCBuildConfiguration section */

/* Begin XCConfigurationList section */
		FD911C022B9A21C100750E00 /* Build configuration list for PBXProject "swift-ui-essential" */ = {
			isa = XCConfigurationList;
			buildConfigurations = (
				FD911C182B9A21C300750E00 /* Debug */,
				FD911C192B9A21C300750E00 /* Release */,
			);
			defaultConfigurationIsVisible = 0;
			defaultConfigurationName = Release;
		};
		FD911C1A2B9A21C300750E00 /* Build configuration list for PBXNativeTarget "swift-ui-essential" */ = {
			isa = XCConfigurationList;
			buildConfigurations = (
				FD911C1B2B9A21C300750E00 /* Debug */,
				FD911C1C2B9A21C300750E00 /* Release */,
			);
			defaultConfigurationIsVisible = 0;
			defaultConfigurationName = Release;
		};
/* End XCConfigurationList section */

/* Begin XCVersionGroup section */
		FD911C152B9A21C300750E00 /* Database.xcdatamodeld */ = {
			isa = XCVersionGroup;
			children = (
				FD911C162B9A21C300750E00 /* swift_ui_essential.xcdatamodel */,
			);
			currentVersion = FD911C162B9A21C300750E00 /* swift_ui_essential.xcdatamodel */;
			path = Database.xcdatamodeld;
			sourceTree = "<group>";
			versionGroupType = wrapper.xcdatamodel;
		};
/* End XCVersionGroup section */
	};
	rootObject = FD911BFF2B9A21C100750E00 /* Project object */;
}
