// !$*UTF8*$!
{
	archiveVersion = 1;
	classes = {
	};
	objectVersion = 56;
	objects = {

/* Begin PBXBuildFile section */
		FD7206102B876B2700709825 /* NavigationApp.swift in Sources */ = {isa = PBXBuildFile; fileRef = FD72060F2B876B2700709825 /* NavigationApp.swift */; };
		FD7206122B876B2700709825 /* ContentView.swift in Sources */ = {isa = PBXBuildFile; fileRef = FD7206112B876B2700709825 /* ContentView.swift */; };
		FD7206142B876B2900709825 /* Assets.xcassets in Resources */ = {isa = PBXBuildFile; fileRef = FD7206132B876B2900709825 /* Assets.xcassets */; };
		FD7206172B876B2900709825 /* Preview Assets.xcassets in Resources */ = {isa = PBXBuildFile; fileRef = FD7206162B876B2900709825 /* Preview Assets.xcassets */; };
		FD7206192B876B2900709825 /* Persistence.swift in Sources */ = {isa = PBXBuildFile; fileRef = FD7206182B876B2900709825 /* Persistence.swift */; };
		FD72061C2B876B2900709825 /* Database.xcdatamodeld in Sources */ = {isa = PBXBuildFile; fileRef = FD72061A2B876B2900709825 /* Database.xcdatamodeld */; };
		FD7206262B876B2900709825 /* list_and_navigationTests.swift in Sources */ = {isa = PBXBuildFile; fileRef = FD7206252B876B2900709825 /* list_and_navigationTests.swift */; };
		FD7206302B876B2900709825 /* list_and_navigationUITests.swift in Sources */ = {isa = PBXBuildFile; fileRef = FD72062F2B876B2900709825 /* list_and_navigationUITests.swift */; };
		FD7206322B876B2900709825 /* list_and_navigationUITestsLaunchTests.swift in Sources */ = {isa = PBXBuildFile; fileRef = FD7206312B876B2900709825 /* list_and_navigationUITestsLaunchTests.swift */; };
		FD7206462B876E4F00709825 /* Landmark.swift in Sources */ = {isa = PBXBuildFile; fileRef = FD7206452B876E4F00709825 /* Landmark.swift */; };
		FD72064B2B87706400709825 /* DataManager.swift in Sources */ = {isa = PBXBuildFile; fileRef = FD72064A2B87706400709825 /* DataManager.swift */; };
		FD72064E2B8775B100709825 /* LandmarkRowView.swift in Sources */ = {isa = PBXBuildFile; fileRef = FD72064D2B8775B100709825 /* LandmarkRowView.swift */; };
		FD7206502B877A9A00709825 /* LandmarkListView.swift in Sources */ = {isa = PBXBuildFile; fileRef = FD72064F2B877A9A00709825 /* LandmarkListView.swift */; };
		FD7206512B877C9D00709825 /* landmarkData.json in Resources */ = {isa = PBXBuildFile; fileRef = FD7206422B876D8500709825 /* landmarkData.json */; };
		FD7206532B8788BC00709825 /* LandmarkDetailView.swift in Sources */ = {isa = PBXBuildFile; fileRef = FD7206522B8788BC00709825 /* LandmarkDetailView.swift */; };
		FD7206552B87892B00709825 /* MapView.swift in Sources */ = {isa = PBXBuildFile; fileRef = FD7206542B87892B00709825 /* MapView.swift */; };
		FD7206572B87893F00709825 /* CircleImage.swift in Sources */ = {isa = PBXBuildFile; fileRef = FD7206562B87893F00709825 /* CircleImage.swift */; };
/* End PBXBuildFile section */

/* Begin PBXContainerItemProxy section */
		FD7206222B876B2900709825 /* PBXContainerItemProxy */ = {
			isa = PBXContainerItemProxy;
			containerPortal = FD7206042B876B2700709825 /* Project object */;
			proxyType = 1;
			remoteGlobalIDString = FD72060B2B876B2700709825;
			remoteInfo = "list-and-navigation";
		};
		FD72062C2B876B2900709825 /* PBXContainerItemProxy */ = {
			isa = PBXContainerItemProxy;
			containerPortal = FD7206042B876B2700709825 /* Project object */;
			proxyType = 1;
			remoteGlobalIDString = FD72060B2B876B2700709825;
			remoteInfo = "list-and-navigation";
		};
/* End PBXContainerItemProxy section */

/* Begin PBXFileReference section */
		FD72060C2B876B2700709825 /* list-and-navigation.app */ = {isa = PBXFileReference; explicitFileType = wrapper.application; includeInIndex = 0; path = "list-and-navigation.app"; sourceTree = BUILT_PRODUCTS_DIR; };
		FD72060F2B876B2700709825 /* NavigationApp.swift */ = {isa = PBXFileReference; lastKnownFileType = sourcecode.swift; path = NavigationApp.swift; sourceTree = "<group>"; };
		FD7206112B876B2700709825 /* ContentView.swift */ = {isa = PBXFileReference; lastKnownFileType = sourcecode.swift; path = ContentView.swift; sourceTree = "<group>"; };
		FD7206132B876B2900709825 /* Assets.xcassets */ = {isa = PBXFileReference; lastKnownFileType = folder.assetcatalog; path = Assets.xcassets; sourceTree = "<group>"; };
		FD7206162B876B2900709825 /* Preview Assets.xcassets */ = {isa = PBXFileReference; lastKnownFileType = folder.assetcatalog; path = "Preview Assets.xcassets"; sourceTree = "<group>"; };
		FD7206182B876B2900709825 /* Persistence.swift */ = {isa = PBXFileReference; lastKnownFileType = sourcecode.swift; path = Persistence.swift; sourceTree = "<group>"; };
		FD72061B2B876B2900709825 /* list_and_navigation.xcdatamodel */ = {isa = PBXFileReference; lastKnownFileType = wrapper.xcdatamodel; path = list_and_navigation.xcdatamodel; sourceTree = "<group>"; };
		FD7206212B876B2900709825 /* list-and-navigationTests.xctest */ = {isa = PBXFileReference; explicitFileType = wrapper.cfbundle; includeInIndex = 0; path = "list-and-navigationTests.xctest"; sourceTree = BUILT_PRODUCTS_DIR; };
		FD7206252B876B2900709825 /* list_and_navigationTests.swift */ = {isa = PBXFileReference; lastKnownFileType = sourcecode.swift; path = list_and_navigationTests.swift; sourceTree = "<group>"; };
		FD72062B2B876B2900709825 /* list-and-navigationUITests.xctest */ = {isa = PBXFileReference; explicitFileType = wrapper.cfbundle; includeInIndex = 0; path = "list-and-navigationUITests.xctest"; sourceTree = BUILT_PRODUCTS_DIR; };
		FD72062F2B876B2900709825 /* list_and_navigationUITests.swift */ = {isa = PBXFileReference; lastKnownFileType = sourcecode.swift; path = list_and_navigationUITests.swift; sourceTree = "<group>"; };
		FD7206312B876B2900709825 /* list_and_navigationUITestsLaunchTests.swift */ = {isa = PBXFileReference; lastKnownFileType = sourcecode.swift; path = list_and_navigationUITestsLaunchTests.swift; sourceTree = "<group>"; };
		FD7206422B876D8500709825 /* landmarkData.json */ = {isa = PBXFileReference; fileEncoding = 4; lastKnownFileType = text.json; path = landmarkData.json; sourceTree = "<group>"; };
		FD7206452B876E4F00709825 /* Landmark.swift */ = {isa = PBXFileReference; lastKnownFileType = sourcecode.swift; path = Landmark.swift; sourceTree = "<group>"; };
		FD72064A2B87706400709825 /* DataManager.swift */ = {isa = PBXFileReference; lastKnownFileType = sourcecode.swift; path = DataManager.swift; sourceTree = "<group>"; };
		FD72064D2B8775B100709825 /* LandmarkRowView.swift */ = {isa = PBXFileReference; lastKnownFileType = sourcecode.swift; path = LandmarkRowView.swift; sourceTree = "<group>"; };
		FD72064F2B877A9A00709825 /* LandmarkListView.swift */ = {isa = PBXFileReference; lastKnownFileType = sourcecode.swift; path = LandmarkListView.swift; sourceTree = "<group>"; };
		FD7206522B8788BC00709825 /* LandmarkDetailView.swift */ = {isa = PBXFileReference; lastKnownFileType = sourcecode.swift; path = LandmarkDetailView.swift; sourceTree = "<group>"; };
		FD7206542B87892B00709825 /* MapView.swift */ = {isa = PBXFileReference; lastKnownFileType = sourcecode.swift; path = MapView.swift; sourceTree = "<group>"; };
		FD7206562B87893F00709825 /* CircleImage.swift */ = {isa = PBXFileReference; lastKnownFileType = sourcecode.swift; path = CircleImage.swift; sourceTree = "<group>"; };
/* End PBXFileReference section */

/* Begin PBXFrameworksBuildPhase section */
		FD7206092B876B2700709825 /* Frameworks */ = {
			isa = PBXFrameworksBuildPhase;
			buildActionMask = 2147483647;
			files = (
			);
			runOnlyForDeploymentPostprocessing = 0;
		};
		FD72061E2B876B2900709825 /* Frameworks */ = {
			isa = PBXFrameworksBuildPhase;
			buildActionMask = 2147483647;
			files = (
			);
			runOnlyForDeploymentPostprocessing = 0;
		};
		FD7206282B876B2900709825 /* Frameworks */ = {
			isa = PBXFrameworksBuildPhase;
			buildActionMask = 2147483647;
			files = (
			);
			runOnlyForDeploymentPostprocessing = 0;
		};
/* End PBXFrameworksBuildPhase section */

/* Begin PBXGroup section */
		FD7206032B876B2700709825 = {
			isa = PBXGroup;
			children = (
				FD72060E2B876B2700709825 /* list-and-navigation */,
				FD7206242B876B2900709825 /* list-and-navigationTests */,
				FD72062E2B876B2900709825 /* list-and-navigationUITests */,
				FD72060D2B876B2700709825 /* Products */,
			);
			sourceTree = "<group>";
		};
		FD72060D2B876B2700709825 /* Products */ = {
			isa = PBXGroup;
			children = (
				FD72060C2B876B2700709825 /* list-and-navigation.app */,
				FD7206212B876B2900709825 /* list-and-navigationTests.xctest */,
				FD72062B2B876B2900709825 /* list-and-navigationUITests.xctest */,
			);
			name = Products;
			sourceTree = "<group>";
		};
		FD72060E2B876B2700709825 /* list-and-navigation */ = {
			isa = PBXGroup;
			children = (
				FD7206482B876EF300709825 /* View */,
				FD7206492B876EFD00709825 /* Persistence */,
				FD7206472B876EE500709825 /* App */,
				FD7206442B876E4400709825 /* Model */,
				FD7206412B876D7800709825 /* Resources */,
				FD7206132B876B2900709825 /* Assets.xcassets */,
				FD7206152B876B2900709825 /* Preview Content */,
			);
			path = "list-and-navigation";
			sourceTree = "<group>";
		};
		FD7206152B876B2900709825 /* Preview Content */ = {
			isa = PBXGroup;
			children = (
				FD7206162B876B2900709825 /* Preview Assets.xcassets */,
			);
			path = "Preview Content";
			sourceTree = "<group>";
		};
		FD7206242B876B2900709825 /* list-and-navigationTests */ = {
			isa = PBXGroup;
			children = (
				FD7206252B876B2900709825 /* list_and_navigationTests.swift */,
			);
			path = "list-and-navigationTests";
			sourceTree = "<group>";
		};
		FD72062E2B876B2900709825 /* list-and-navigationUITests */ = {
			isa = PBXGroup;
			children = (
				FD72062F2B876B2900709825 /* list_and_navigationUITests.swift */,
				FD7206312B876B2900709825 /* list_and_navigationUITestsLaunchTests.swift */,
			);
			path = "list-and-navigationUITests";
			sourceTree = "<group>";
		};
		FD7206412B876D7800709825 /* Resources */ = {
			isa = PBXGroup;
			children = (
				FD7206422B876D8500709825 /* landmarkData.json */,
			);
			path = Resources;
			sourceTree = "<group>";
		};
		FD7206442B876E4400709825 /* Model */ = {
			isa = PBXGroup;
			children = (
				FD7206452B876E4F00709825 /* Landmark.swift */,
			);
			path = Model;
			sourceTree = "<group>";
		};
		FD7206472B876EE500709825 /* App */ = {
			isa = PBXGroup;
			children = (
				FD72060F2B876B2700709825 /* NavigationApp.swift */,
			);
			path = App;
			sourceTree = "<group>";
		};
		FD7206482B876EF300709825 /* View */ = {
			isa = PBXGroup;
			children = (
				FD72064C2B87759E00709825 /* Components */,
				FD7206112B876B2700709825 /* ContentView.swift */,
			);
			path = View;
			sourceTree = "<group>";
		};
		FD7206492B876EFD00709825 /* Persistence */ = {
			isa = PBXGroup;
			children = (
				FD7206182B876B2900709825 /* Persistence.swift */,
				FD72061A2B876B2900709825 /* Database.xcdatamodeld */,
				FD72064A2B87706400709825 /* DataManager.swift */,
			);
			path = Persistence;
			sourceTree = "<group>";
		};
		FD72064C2B87759E00709825 /* Components */ = {
			isa = PBXGroup;
			children = (
				FD72064D2B8775B100709825 /* LandmarkRowView.swift */,
				FD72064F2B877A9A00709825 /* LandmarkListView.swift */,
				FD7206522B8788BC00709825 /* LandmarkDetailView.swift */,
				FD7206542B87892B00709825 /* MapView.swift */,
				FD7206562B87893F00709825 /* CircleImage.swift */,
			);
			path = Components;
			sourceTree = "<group>";
		};
/* End PBXGroup section */

/* Begin PBXNativeTarget section */
		FD72060B2B876B2700709825 /* list-and-navigation */ = {
			isa = PBXNativeTarget;
			buildConfigurationList = FD7206352B876B2900709825 /* Build configuration list for PBXNativeTarget "list-and-navigation" */;
			buildPhases = (
				FD7206082B876B2700709825 /* Sources */,
				FD7206092B876B2700709825 /* Frameworks */,
				FD72060A2B876B2700709825 /* Resources */,
			);
			buildRules = (
			);
			dependencies = (
			);
			name = "list-and-navigation";
			productName = "list-and-navigation";
			productReference = FD72060C2B876B2700709825 /* list-and-navigation.app */;
			productType = "com.apple.product-type.application";
		};
		FD7206202B876B2900709825 /* list-and-navigationTests */ = {
			isa = PBXNativeTarget;
			buildConfigurationList = FD7206382B876B2900709825 /* Build configuration list for PBXNativeTarget "list-and-navigationTests" */;
			buildPhases = (
				FD72061D2B876B2900709825 /* Sources */,
				FD72061E2B876B2900709825 /* Frameworks */,
				FD72061F2B876B2900709825 /* Resources */,
			);
			buildRules = (
			);
			dependencies = (
				FD7206232B876B2900709825 /* PBXTargetDependency */,
			);
			name = "list-and-navigationTests";
			productName = "list-and-navigationTests";
			productReference = FD7206212B876B2900709825 /* list-and-navigationTests.xctest */;
			productType = "com.apple.product-type.bundle.unit-test";
		};
		FD72062A2B876B2900709825 /* list-and-navigationUITests */ = {
			isa = PBXNativeTarget;
			buildConfigurationList = FD72063B2B876B2900709825 /* Build configuration list for PBXNativeTarget "list-and-navigationUITests" */;
			buildPhases = (
				FD7206272B876B2900709825 /* Sources */,
				FD7206282B876B2900709825 /* Frameworks */,
				FD7206292B876B2900709825 /* Resources */,
			);
			buildRules = (
			);
			dependencies = (
				FD72062D2B876B2900709825 /* PBXTargetDependency */,
			);
			name = "list-and-navigationUITests";
			productName = "list-and-navigationUITests";
			productReference = FD72062B2B876B2900709825 /* list-and-navigationUITests.xctest */;
			productType = "com.apple.product-type.bundle.ui-testing";
		};
/* End PBXNativeTarget section */

/* Begin PBXProject section */
		FD7206042B876B2700709825 /* Project object */ = {
			isa = PBXProject;
			attributes = {
				BuildIndependentTargetsInParallel = 1;
				LastSwiftUpdateCheck = 1520;
				LastUpgradeCheck = 1520;
				TargetAttributes = {
					FD72060B2B876B2700709825 = {
						CreatedOnToolsVersion = 15.2;
					};
					FD7206202B876B2900709825 = {
						CreatedOnToolsVersion = 15.2;
						TestTargetID = FD72060B2B876B2700709825;
					};
					FD72062A2B876B2900709825 = {
						CreatedOnToolsVersion = 15.2;
						TestTargetID = FD72060B2B876B2700709825;
					};
				};
			};
			buildConfigurationList = FD7206072B876B2700709825 /* Build configuration list for PBXProject "list-and-navigation" */;
			compatibilityVersion = "Xcode 14.0";
			developmentRegion = en;
			hasScannedForEncodings = 0;
			knownRegions = (
				en,
				Base,
			);
			mainGroup = FD7206032B876B2700709825;
			productRefGroup = FD72060D2B876B2700709825 /* Products */;
			projectDirPath = "";
			projectRoot = "";
			targets = (
				FD72060B2B876B2700709825 /* list-and-navigation */,
				FD7206202B876B2900709825 /* list-and-navigationTests */,
				FD72062A2B876B2900709825 /* list-and-navigationUITests */,
			);
		};
/* End PBXProject section */

/* Begin PBXResourcesBuildPhase section */
		FD72060A2B876B2700709825 /* Resources */ = {
			isa = PBXResourcesBuildPhase;
			buildActionMask = 2147483647;
			files = (
				FD7206172B876B2900709825 /* Preview Assets.xcassets in Resources */,
				FD7206142B876B2900709825 /* Assets.xcassets in Resources */,
				FD7206512B877C9D00709825 /* landmarkData.json in Resources */,
			);
			runOnlyForDeploymentPostprocessing = 0;
		};
		FD72061F2B876B2900709825 /* Resources */ = {
			isa = PBXResourcesBuildPhase;
			buildActionMask = 2147483647;
			files = (
			);
			runOnlyForDeploymentPostprocessing = 0;
		};
		FD7206292B876B2900709825 /* Resources */ = {
			isa = PBXResourcesBuildPhase;
			buildActionMask = 2147483647;
			files = (
			);
			runOnlyForDeploymentPostprocessing = 0;
		};
/* End PBXResourcesBuildPhase section */

/* Begin PBXSourcesBuildPhase section */
		FD7206082B876B2700709825 /* Sources */ = {
			isa = PBXSourcesBuildPhase;
			buildActionMask = 2147483647;
			files = (
				FD7206192B876B2900709825 /* Persistence.swift in Sources */,
				FD72064B2B87706400709825 /* DataManager.swift in Sources */,
				FD7206532B8788BC00709825 /* LandmarkDetailView.swift in Sources */,
				FD7206502B877A9A00709825 /* LandmarkListView.swift in Sources */,
				FD7206462B876E4F00709825 /* Landmark.swift in Sources */,
				FD7206122B876B2700709825 /* ContentView.swift in Sources */,
				FD7206572B87893F00709825 /* CircleImage.swift in Sources */,
				FD72061C2B876B2900709825 /* Database.xcdatamodeld in Sources */,
				FD7206552B87892B00709825 /* MapView.swift in Sources */,
				FD72064E2B8775B100709825 /* LandmarkRowView.swift in Sources */,
				FD7206102B876B2700709825 /* NavigationApp.swift in Sources */,
			);
			runOnlyForDeploymentPostprocessing = 0;
		};
		FD72061D2B876B2900709825 /* Sources */ = {
			isa = PBXSourcesBuildPhase;
			buildActionMask = 2147483647;
			files = (
				FD7206262B876B2900709825 /* list_and_navigationTests.swift in Sources */,
			);
			runOnlyForDeploymentPostprocessing = 0;
		};
		FD7206272B876B2900709825 /* Sources */ = {
			isa = PBXSourcesBuildPhase;
			buildActionMask = 2147483647;
			files = (
				FD7206322B876B2900709825 /* list_and_navigationUITestsLaunchTests.swift in Sources */,
				FD7206302B876B2900709825 /* list_and_navigationUITests.swift in Sources */,
			);
			runOnlyForDeploymentPostprocessing = 0;
		};
/* End PBXSourcesBuildPhase section */

/* Begin PBXTargetDependency section */
		FD7206232B876B2900709825 /* PBXTargetDependency */ = {
			isa = PBXTargetDependency;
			target = FD72060B2B876B2700709825 /* list-and-navigation */;
			targetProxy = FD7206222B876B2900709825 /* PBXContainerItemProxy */;
		};
		FD72062D2B876B2900709825 /* PBXTargetDependency */ = {
			isa = PBXTargetDependency;
			target = FD72060B2B876B2700709825 /* list-and-navigation */;
			targetProxy = FD72062C2B876B2900709825 /* PBXContainerItemProxy */;
		};
/* End PBXTargetDependency section */

/* Begin XCBuildConfiguration section */
		FD7206332B876B2900709825 /* Debug */ = {
			isa = XCBuildConfiguration;
			buildSettings = {
				ALWAYS_SEARCH_USER_PATHS = NO;
				ASSETCATALOG_COMPILER_GENERATE_SWIFT_ASSET_SYMBOL_EXTENSIONS = YES;
				CLANG_ANALYZER_NONNULL = YES;
				CLANG_ANALYZER_NUMBER_OBJECT_CONVERSION = YES_AGGRESSIVE;
				CLANG_CXX_LANGUAGE_STANDARD = "gnu++20";
				CLANG_ENABLE_MODULES = YES;
				CLANG_ENABLE_OBJC_ARC = YES;
				CLANG_ENABLE_OBJC_WEAK = YES;
				CLANG_WARN_BLOCK_CAPTURE_AUTORELEASING = YES;
				CLANG_WARN_BOOL_CONVERSION = YES;
				CLANG_WARN_COMMA = YES;
				CLANG_WARN_CONSTANT_CONVERSION = YES;
				CLANG_WARN_DEPRECATED_OBJC_IMPLEMENTATIONS = YES;
				CLANG_WARN_DIRECT_OBJC_ISA_USAGE = YES_ERROR;
				CLANG_WARN_DOCUMENTATION_COMMENTS = YES;
				CLANG_WARN_EMPTY_BODY = YES;
				CLANG_WARN_ENUM_CONVERSION = YES;
				CLANG_WARN_INFINITE_RECURSION = YES;
				CLANG_WARN_INT_CONVERSION = YES;
				CLANG_WARN_NON_LITERAL_NULL_CONVERSION = YES;
				CLANG_WARN_OBJC_IMPLICIT_RETAIN_SELF = YES;
				CLANG_WARN_OBJC_LITERAL_CONVERSION = YES;
				CLANG_WARN_OBJC_ROOT_CLASS = YES_ERROR;
				CLANG_WARN_QUOTED_INCLUDE_IN_FRAMEWORK_HEADER = YES;
				CLANG_WARN_RANGE_LOOP_ANALYSIS = YES;
				CLANG_WARN_STRICT_PROTOTYPES = YES;
				CLANG_WARN_SUSPICIOUS_MOVE = YES;
				CLANG_WARN_UNGUARDED_AVAILABILITY = YES_AGGRESSIVE;
				CLANG_WARN_UNREACHABLE_CODE = YES;
				CLANG_WARN__DUPLICATE_METHOD_MATCH = YES;
				COPY_PHASE_STRIP = NO;
				DEBUG_INFORMATION_FORMAT = dwarf;
				ENABLE_STRICT_OBJC_MSGSEND = YES;
				ENABLE_TESTABILITY = YES;
				ENABLE_USER_SCRIPT_SANDBOXING = YES;
				GCC_C_LANGUAGE_STANDARD = gnu17;
				GCC_DYNAMIC_NO_PIC = NO;
				GCC_NO_COMMON_BLOCKS = YES;
				GCC_OPTIMIZATION_LEVEL = 0;
				GCC_PREPROCESSOR_DEFINITIONS = (
					"DEBUG=1",
					"$(inherited)",
				);
				GCC_WARN_64_TO_32_BIT_CONVERSION = YES;
				GCC_WARN_ABOUT_RETURN_TYPE = YES_ERROR;
				GCC_WARN_UNDECLARED_SELECTOR = YES;
				GCC_WARN_UNINITIALIZED_AUTOS = YES_AGGRESSIVE;
				GCC_WARN_UNUSED_FUNCTION = YES;
				GCC_WARN_UNUSED_VARIABLE = YES;
				IPHONEOS_DEPLOYMENT_TARGET = 17.2;
				LOCALIZATION_PREFERS_STRING_CATALOGS = YES;
				MTL_ENABLE_DEBUG_INFO = INCLUDE_SOURCE;
				MTL_FAST_MATH = YES;
				ONLY_ACTIVE_ARCH = YES;
				SDKROOT = iphoneos;
				SWIFT_ACTIVE_COMPILATION_CONDITIONS = "DEBUG $(inherited)";
				SWIFT_OPTIMIZATION_LEVEL = "-Onone";
			};
			name = Debug;
		};
		FD7206342B876B2900709825 /* Release */ = {
			isa = XCBuildConfiguration;
			buildSettings = {
				ALWAYS_SEARCH_USER_PATHS = NO;
				ASSETCATALOG_COMPILER_GENERATE_SWIFT_ASSET_SYMBOL_EXTENSIONS = YES;
				CLANG_ANALYZER_NONNULL = YES;
				CLANG_ANALYZER_NUMBER_OBJECT_CONVERSION = YES_AGGRESSIVE;
				CLANG_CXX_LANGUAGE_STANDARD = "gnu++20";
				CLANG_ENABLE_MODULES = YES;
				CLANG_ENABLE_OBJC_ARC = YES;
				CLANG_ENABLE_OBJC_WEAK = YES;
				CLANG_WARN_BLOCK_CAPTURE_AUTORELEASING = YES;
				CLANG_WARN_BOOL_CONVERSION = YES;
				CLANG_WARN_COMMA = YES;
				CLANG_WARN_CONSTANT_CONVERSION = YES;
				CLANG_WARN_DEPRECATED_OBJC_IMPLEMENTATIONS = YES;
				CLANG_WARN_DIRECT_OBJC_ISA_USAGE = YES_ERROR;
				CLANG_WARN_DOCUMENTATION_COMMENTS = YES;
				CLANG_WARN_EMPTY_BODY = YES;
				CLANG_WARN_ENUM_CONVERSION = YES;
				CLANG_WARN_INFINITE_RECURSION = YES;
				CLANG_WARN_INT_CONVERSION = YES;
				CLANG_WARN_NON_LITERAL_NULL_CONVERSION = YES;
				CLANG_WARN_OBJC_IMPLICIT_RETAIN_SELF = YES;
				CLANG_WARN_OBJC_LITERAL_CONVERSION = YES;
				CLANG_WARN_OBJC_ROOT_CLASS = YES_ERROR;
				CLANG_WARN_QUOTED_INCLUDE_IN_FRAMEWORK_HEADER = YES;
				CLANG_WARN_RANGE_LOOP_ANALYSIS = YES;
				CLANG_WARN_STRICT_PROTOTYPES = YES;
				CLANG_WARN_SUSPICIOUS_MOVE = YES;
				CLANG_WARN_UNGUARDED_AVAILABILITY = YES_AGGRESSIVE;
				CLANG_WARN_UNREACHABLE_CODE = YES;
				CLANG_WARN__DUPLICATE_METHOD_MATCH = YES;
				COPY_PHASE_STRIP = NO;
				DEBUG_INFORMATION_FORMAT = "dwarf-with-dsym";
				ENABLE_NS_ASSERTIONS = NO;
				ENABLE_STRICT_OBJC_MSGSEND = YES;
				ENABLE_USER_SCRIPT_SANDBOXING = YES;
				GCC_C_LANGUAGE_STANDARD = gnu17;
				GCC_NO_COMMON_BLOCKS = YES;
				GCC_WARN_64_TO_32_BIT_CONVERSION = YES;
				GCC_WARN_ABOUT_RETURN_TYPE = YES_ERROR;
				GCC_WARN_UNDECLARED_SELECTOR = YES;
				GCC_WARN_UNINITIALIZED_AUTOS = YES_AGGRESSIVE;
				GCC_WARN_UNUSED_FUNCTION = YES;
				GCC_WARN_UNUSED_VARIABLE = YES;
				IPHONEOS_DEPLOYMENT_TARGET = 17.2;
				LOCALIZATION_PREFERS_STRING_CATALOGS = YES;
				MTL_ENABLE_DEBUG_INFO = NO;
				MTL_FAST_MATH = YES;
				SDKROOT = iphoneos;
				SWIFT_COMPILATION_MODE = wholemodule;
				VALIDATE_PRODUCT = YES;
			};
			name = Release;
		};
		FD7206362B876B2900709825 /* Debug */ = {
			isa = XCBuildConfiguration;
			buildSettings = {
				ASSETCATALOG_COMPILER_APPICON_NAME = AppIcon;
				ASSETCATALOG_COMPILER_GLOBAL_ACCENT_COLOR_NAME = AccentColor;
				CODE_SIGN_STYLE = Automatic;
				CURRENT_PROJECT_VERSION = 1;
				DEVELOPMENT_ASSET_PATHS = "\"list-and-navigation/Preview Content\"";
				DEVELOPMENT_TEAM = C9BCN32WAS;
				ENABLE_PREVIEWS = YES;
				GENERATE_INFOPLIST_FILE = YES;
				INFOPLIST_KEY_UIApplicationSceneManifest_Generation = YES;
				INFOPLIST_KEY_UIApplicationSupportsIndirectInputEvents = YES;
				INFOPLIST_KEY_UILaunchScreen_Generation = YES;
				INFOPLIST_KEY_UISupportedInterfaceOrientations_iPad = "UIInterfaceOrientationPortrait UIInterfaceOrientationPortraitUpsideDown UIInterfaceOrientationLandscapeLeft UIInterfaceOrientationLandscapeRight";
				INFOPLIST_KEY_UISupportedInterfaceOrientations_iPhone = "UIInterfaceOrientationPortrait UIInterfaceOrientationLandscapeLeft UIInterfaceOrientationLandscapeRight";
				LD_RUNPATH_SEARCH_PATHS = (
					"$(inherited)",
					"@executable_path/Frameworks",
				);
				MARKETING_VERSION = 1.0;
				PRODUCT_BUNDLE_IDENTIFIER = "com.swiftui.list.navigation.osinnowo.list-and-navigation";
				PRODUCT_NAME = "$(TARGET_NAME)";
				SWIFT_EMIT_LOC_STRINGS = YES;
				SWIFT_VERSION = 5.0;
				TARGETED_DEVICE_FAMILY = "1,2";
			};
			name = Debug;
		};
		FD7206372B876B2900709825 /* Release */ = {
			isa = XCBuildConfiguration;
			buildSettings = {
				ASSETCATALOG_COMPILER_APPICON_NAME = AppIcon;
				ASSETCATALOG_COMPILER_GLOBAL_ACCENT_COLOR_NAME = AccentColor;
				CODE_SIGN_STYLE = Automatic;
				CURRENT_PROJECT_VERSION = 1;
				DEVELOPMENT_ASSET_PATHS = "\"list-and-navigation/Preview Content\"";
				DEVELOPMENT_TEAM = C9BCN32WAS;
				ENABLE_PREVIEWS = YES;
				GENERATE_INFOPLIST_FILE = YES;
				INFOPLIST_KEY_UIApplicationSceneManifest_Generation = YES;
				INFOPLIST_KEY_UIApplicationSupportsIndirectInputEvents = YES;
				INFOPLIST_KEY_UILaunchScreen_Generation = YES;
				INFOPLIST_KEY_UISupportedInterfaceOrientations_iPad = "UIInterfaceOrientationPortrait UIInterfaceOrientationPortraitUpsideDown UIInterfaceOrientationLandscapeLeft UIInterfaceOrientationLandscapeRight";
				INFOPLIST_KEY_UISupportedInterfaceOrientations_iPhone = "UIInterfaceOrientationPortrait UIInterfaceOrientationLandscapeLeft UIInterfaceOrientationLandscapeRight";
				LD_RUNPATH_SEARCH_PATHS = (
					"$(inherited)",
					"@executable_path/Frameworks",
				);
				MARKETING_VERSION = 1.0;
				PRODUCT_BUNDLE_IDENTIFIER = "com.swiftui.list.navigation.osinnowo.list-and-navigation";
				PRODUCT_NAME = "$(TARGET_NAME)";
				SWIFT_EMIT_LOC_STRINGS = YES;
				SWIFT_VERSION = 5.0;
				TARGETED_DEVICE_FAMILY = "1,2";
			};
			name = Release;
		};
		FD7206392B876B2900709825 /* Debug */ = {
			isa = XCBuildConfiguration;
			buildSettings = {
				ALWAYS_EMBED_SWIFT_STANDARD_LIBRARIES = YES;
				BUNDLE_LOADER = "$(TEST_HOST)";
				CODE_SIGN_STYLE = Automatic;
				CURRENT_PROJECT_VERSION = 1;
				DEVELOPMENT_TEAM = C9BCN32WAS;
				GENERATE_INFOPLIST_FILE = YES;
				IPHONEOS_DEPLOYMENT_TARGET = 17.2;
				MARKETING_VERSION = 1.0;
				PRODUCT_BUNDLE_IDENTIFIER = "com.swiftui.list.navigation.osinnowo.list-and-navigationTests";
				PRODUCT_NAME = "$(TARGET_NAME)";
				SWIFT_EMIT_LOC_STRINGS = NO;
				SWIFT_VERSION = 5.0;
				TARGETED_DEVICE_FAMILY = "1,2";
				TEST_HOST = "$(BUILT_PRODUCTS_DIR)/list-and-navigation.app/$(BUNDLE_EXECUTABLE_FOLDER_PATH)/list-and-navigation";
			};
			name = Debug;
		};
		FD72063A2B876B2900709825 /* Release */ = {
			isa = XCBuildConfiguration;
			buildSettings = {
				ALWAYS_EMBED_SWIFT_STANDARD_LIBRARIES = YES;
				BUNDLE_LOADER = "$(TEST_HOST)";
				CODE_SIGN_STYLE = Automatic;
				CURRENT_PROJECT_VERSION = 1;
				DEVELOPMENT_TEAM = C9BCN32WAS;
				GENERATE_INFOPLIST_FILE = YES;
				IPHONEOS_DEPLOYMENT_TARGET = 17.2;
				MARKETING_VERSION = 1.0;
				PRODUCT_BUNDLE_IDENTIFIER = "com.swiftui.list.navigation.osinnowo.list-and-navigationTests";
				PRODUCT_NAME = "$(TARGET_NAME)";
				SWIFT_EMIT_LOC_STRINGS = NO;
				SWIFT_VERSION = 5.0;
				TARGETED_DEVICE_FAMILY = "1,2";
				TEST_HOST = "$(BUILT_PRODUCTS_DIR)/list-and-navigation.app/$(BUNDLE_EXECUTABLE_FOLDER_PATH)/list-and-navigation";
			};
			name = Release;
		};
		FD72063C2B876B2900709825 /* Debug */ = {
			isa = XCBuildConfiguration;
			buildSettings = {
				ALWAYS_EMBED_SWIFT_STANDARD_LIBRARIES = YES;
				CODE_SIGN_STYLE = Automatic;
				CURRENT_PROJECT_VERSION = 1;
				DEVELOPMENT_TEAM = C9BCN32WAS;
				GENERATE_INFOPLIST_FILE = YES;
				MARKETING_VERSION = 1.0;
				PRODUCT_BUNDLE_IDENTIFIER = "com.swiftui.list.navigation.osinnowo.list-and-navigationUITests";
				PRODUCT_NAME = "$(TARGET_NAME)";
				SWIFT_EMIT_LOC_STRINGS = NO;
				SWIFT_VERSION = 5.0;
				TARGETED_DEVICE_FAMILY = "1,2";
				TEST_TARGET_NAME = "list-and-navigation";
			};
			name = Debug;
		};
		FD72063D2B876B2900709825 /* Release */ = {
			isa = XCBuildConfiguration;
			buildSettings = {
				ALWAYS_EMBED_SWIFT_STANDARD_LIBRARIES = YES;
				CODE_SIGN_STYLE = Automatic;
				CURRENT_PROJECT_VERSION = 1;
				DEVELOPMENT_TEAM = C9BCN32WAS;
				GENERATE_INFOPLIST_FILE = YES;
				MARKETING_VERSION = 1.0;
				PRODUCT_BUNDLE_IDENTIFIER = "com.swiftui.list.navigation.osinnowo.list-and-navigationUITests";
				PRODUCT_NAME = "$(TARGET_NAME)";
				SWIFT_EMIT_LOC_STRINGS = NO;
				SWIFT_VERSION = 5.0;
				TARGETED_DEVICE_FAMILY = "1,2";
				TEST_TARGET_NAME = "list-and-navigation";
			};
			name = Release;
		};
/* End XCBuildConfiguration section */

/* Begin XCConfigurationList section */
		FD7206072B876B2700709825 /* Build configuration list for PBXProject "list-and-navigation" */ = {
			isa = XCConfigurationList;
			buildConfigurations = (
				FD7206332B876B2900709825 /* Debug */,
				FD7206342B876B2900709825 /* Release */,
			);
			defaultConfigurationIsVisible = 0;
			defaultConfigurationName = Release;
		};
		FD7206352B876B2900709825 /* Build configuration list for PBXNativeTarget "list-and-navigation" */ = {
			isa = XCConfigurationList;
			buildConfigurations = (
				FD7206362B876B2900709825 /* Debug */,
				FD7206372B876B2900709825 /* Release */,
			);
			defaultConfigurationIsVisible = 0;
			defaultConfigurationName = Release;
		};
		FD7206382B876B2900709825 /* Build configuration list for PBXNativeTarget "list-and-navigationTests" */ = {
			isa = XCConfigurationList;
			buildConfigurations = (
				FD7206392B876B2900709825 /* Debug */,
				FD72063A2B876B2900709825 /* Release */,
			);
			defaultConfigurationIsVisible = 0;
			defaultConfigurationName = Release;
		};
		FD72063B2B876B2900709825 /* Build configuration list for PBXNativeTarget "list-and-navigationUITests" */ = {
			isa = XCConfigurationList;
			buildConfigurations = (
				FD72063C2B876B2900709825 /* Debug */,
				FD72063D2B876B2900709825 /* Release */,
			);
			defaultConfigurationIsVisible = 0;
			defaultConfigurationName = Release;
		};
/* End XCConfigurationList section */

/* Begin XCVersionGroup section */
		FD72061A2B876B2900709825 /* Database.xcdatamodeld */ = {
			isa = XCVersionGroup;
			children = (
				FD72061B2B876B2900709825 /* list_and_navigation.xcdatamodel */,
			);
			currentVersion = FD72061B2B876B2900709825 /* list_and_navigation.xcdatamodel */;
			path = Database.xcdatamodeld;
			sourceTree = "<group>";
			versionGroupType = wrapper.xcdatamodel;
		};
/* End XCVersionGroup section */
	};
	rootObject = FD7206042B876B2700709825 /* Project object */;
}
